
Microsoft Visual Studio Solution File, Format Version 12.00
# Visual Studio Version 17
VisualStudioVersion = 17.5.002.0
MinimumVisualStudioVersion = 10.0.40219.1
Project("{9A19103F-16F7-4668-BE54-9A1E7A4F7556}") = "TeamUp-Backend", "TeamUp-Backend.csproj", "{CA551241-7BE0-444F-8BF7-3C50D791DF8A}"
EndProject
Global
	GlobalSection(SolutionConfigurationPlatforms) = preSolution
		Debug|Any CPU = Debug|Any CPU
		Release|Any CPU = Release|Any CPU
	EndGlobalSection
	GlobalSection(ProjectConfigurationPlatforms) = postSolution
		{CA551241-7BE0-444F-8BF7-3C50D791DF8A}.Debug|Any CPU.ActiveCfg = Debug|Any CPU
		{CA551241-7BE0-444F-8BF7-3C50D791DF8A}.Debug|Any CPU.Build.0 = Debug|Any CPU
		{CA551241-7BE0-444F-8BF7-3C50D791DF8A}.Release|Any CPU.ActiveCfg = Release|Any CPU
		{CA551241-7BE0-444F-8BF7-3C50D791DF8A}.Release|Any CPU.Build.0 = Release|Any CPU
	EndGlobalSection
	GlobalSection(SolutionProperties) = preSolution
		HideSolutionNode = FALSE
	EndGlobalSection
	GlobalSection(ExtensibilityGlobals) = postSolution
		SolutionGuid = {EAB0ACD7-254D-411F-9E0C-E9E89981EAD8}
	EndGlobalSection
EndGlobal
